
Microsoft Visual Studio Solution File, Format Version 12.00
# Visual Studio Version 16
VisualStudioVersion = 16.0.29519.181
MinimumVisualStudioVersion = 10.0.40219.1
Project("{FAE04EC0-301F-11D3-BF4B-00C04F79EFBC}") = "MinesweeperMecro", "MinesweeperMecro\MinesweeperMecro.csproj", "{5048AE40-A9C9-4B76-A26F-DCEDA55CD6A6}"
EndProject
Global
	GlobalSection(SolutionConfigurationPlatforms) = preSolution
		Debug|Any CPU = Debug|Any CPU
		Release|Any CPU = Release|Any CPU
	EndGlobalSection
	GlobalSection(ProjectConfigurationPlatforms) = postSolution
		{5048AE40-A9C9-4B76-A26F-DCEDA55CD6A6}.Debug|Any CPU.ActiveCfg = Debug|Any CPU
		{5048AE40-A9C9-4B76-A26F-DCEDA55CD6A6}.Debug|Any CPU.Build.0 = Debug|Any CPU
		{5048AE40-A9C9-4B76-A26F-DCEDA55CD6A6}.Release|Any CPU.ActiveCfg = Release|Any CPU
		{5048AE40-A9C9-4B76-A26F-DCEDA55CD6A6}.Release|Any CPU.Build.0 = Release|Any CPU
	EndGlobalSection
	GlobalSection(SolutionProperties) = preSolution
		HideSolutionNode = FALSE
	EndGlobalSection
	GlobalSection(ExtensibilityGlobals) = postSolution
		SolutionGuid = {8444F84E-8769-4943-B8A2-30FA636339F5}
	EndGlobalSection
EndGlobal
